
Microsoft Visual Studio Solution File, Format Version 12.00
# Visual Studio Version 16
VisualStudioVersion = 16.0.32802.440
MinimumVisualStudioVersion = 10.0.40219.1
Project("{FAE04EC0-301F-11D3-BF4B-00C04F79EFBC}") = "TechTure", "TechTure\TechTure.csproj", "{5FA085A9-3B01-414C-A65C-EA3BF35E2F04}"
EndProject
Global
	GlobalSection(SolutionConfigurationPlatforms) = preSolution
		Debug|Any CPU = Debug|Any CPU
		Release|Any CPU = Release|Any CPU
	EndGlobalSection
	GlobalSection(ProjectConfigurationPlatforms) = postSolution
		{5FA085A9-3B01-414C-A65C-EA3BF35E2F04}.Debug|Any CPU.ActiveCfg = Debug|Any CPU
		{5FA085A9-3B01-414C-A65C-EA3BF35E2F04}.Debug|Any CPU.Build.0 = Debug|Any CPU
		{5FA085A9-3B01-414C-A65C-EA3BF35E2F04}.Release|Any CPU.ActiveCfg = Release|Any CPU
		{5FA085A9-3B01-414C-A65C-EA3BF35E2F04}.Release|Any CPU.Build.0 = Release|Any CPU
	EndGlobalSection
	GlobalSection(SolutionProperties) = preSolution
		HideSolutionNode = FALSE
	EndGlobalSection
	GlobalSection(ExtensibilityGlobals) = postSolution
		SolutionGuid = {29420A8C-05A1-4E75-A76B-49C7D2CB2574}
	EndGlobalSection
EndGlobal
